
Microsoft Visual Studio Solution File, Format Version 12.00
# Visual Studio Version 17
VisualStudioVersion = 17.5.002.0
MinimumVisualStudioVersion = 10.0.40219.1
Project("{2150E333-8FDC-42A3-9474-1A3956D46DE8}") = "src", "src", "{00CC9E65-24B0-4FA2-BD32-CB5E849369A3}"
EndProject
Project("{9A19103F-16F7-4668-BE54-9A1E7A4F7556}") = "Api", "src\Api\Api.csproj", "{A5DA66B7-B339-40F6-9DEC-D5EDF8B9B798}"
EndProject
Global
	GlobalSection(SolutionConfigurationPlatforms) = preSolution
		Debug|Any CPU = Debug|Any CPU
		Release|Any CPU = Release|Any CPU
	EndGlobalSection
	GlobalSection(ProjectConfigurationPlatforms) = postSolution
		{A5DA66B7-B339-40F6-9DEC-D5EDF8B9B798}.Debug|Any CPU.ActiveCfg = Debug|Any CPU
		{A5DA66B7-B339-40F6-9DEC-D5EDF8B9B798}.Debug|Any CPU.Build.0 = Debug|Any CPU
		{A5DA66B7-B339-40F6-9DEC-D5EDF8B9B798}.Release|Any CPU.ActiveCfg = Release|Any CPU
		{A5DA66B7-B339-40F6-9DEC-D5EDF8B9B798}.Release|Any CPU.Build.0 = Release|Any CPU
	EndGlobalSection
	GlobalSection(SolutionProperties) = preSolution
		HideSolutionNode = FALSE
	EndGlobalSection
	GlobalSection(NestedProjects) = preSolution
		{A5DA66B7-B339-40F6-9DEC-D5EDF8B9B798} = {00CC9E65-24B0-4FA2-BD32-CB5E849369A3}
	EndGlobalSection
	GlobalSection(ExtensibilityGlobals) = postSolution
		SolutionGuid = {CA90EAF1-DF91-4574-90C5-DD5C63CA5F73}
	EndGlobalSection
EndGlobal
